// !$*UTF8*$!
{
	archiveVersion = 1;
	classes = {
	};
	objectVersion = 56;
	objects = {

/* Begin PBXBuildFile section */
		56DC00F22ABC1F320034555E /* AppDelegate.swift in Sources */ = {isa = PBXBuildFile; fileRef = 56DC00F12ABC1F320034555E /* AppDelegate.swift */; };
		56DC00F42ABC1F320034555E /* SceneDelegate.swift in Sources */ = {isa = PBXBuildFile; fileRef = 56DC00F32ABC1F320034555E /* SceneDelegate.swift */; };
		56DC00F62ABC1F320034555E /* ViewController.swift in Sources */ = {isa = PBXBuildFile; fileRef = 56DC00F52ABC1F320034555E /* ViewController.swift */; };
		56DC00F92ABC1F320034555E /* Main.storyboard in Resources */ = {isa = PBXBuildFile; fileRef = 56DC00F72ABC1F320034555E /* Main.storyboard */; };
		56DC00FB2ABC1F330034555E /* Assets.xcassets in Resources */ = {isa = PBXBuildFile; fileRef = 56DC00FA2ABC1F330034555E /* Assets.xcassets */; };
		56DC00FE2ABC1F330034555E /* LaunchScreen.storyboard in Resources */ = {isa = PBXBuildFile; fileRef = 56DC00FC2ABC1F330034555E /* LaunchScreen.storyboard */; };
		56DC01092ABC1F330034555E /* FormInput_ExampleTests.swift in Sources */ = {isa = PBXBuildFile; fileRef = 56DC01082ABC1F330034555E /* FormInput_ExampleTests.swift */; };
		56DC01132ABC1F330034555E /* FormInput_ExampleUITests.swift in Sources */ = {isa = PBXBuildFile; fileRef = 56DC01122ABC1F330034555E /* FormInput_ExampleUITests.swift */; };
		56DC01152ABC1F330034555E /* FormInput_ExampleUITestsLaunchTests.swift in Sources */ = {isa = PBXBuildFile; fileRef = 56DC01142ABC1F330034555E /* FormInput_ExampleUITestsLaunchTests.swift */; };
		56DC01252ABC1FE90034555E /* FormInput in Frameworks */ = {isa = PBXBuildFile; productRef = 56DC01242ABC1FE90034555E /* FormInput */; };
/* End PBXBuildFile section */

/* Begin PBXContainerItemProxy section */
		56DC01052ABC1F330034555E /* PBXContainerItemProxy */ = {
			isa = PBXContainerItemProxy;
			containerPortal = 56DC00E62ABC1F320034555E /* Project object */;
			proxyType = 1;
			remoteGlobalIDString = 56DC00ED2ABC1F320034555E;
			remoteInfo = "FormInput Example";
		};
		56DC010F2ABC1F330034555E /* PBXContainerItemProxy */ = {
			isa = PBXContainerItemProxy;
			containerPortal = 56DC00E62ABC1F320034555E /* Project object */;
			proxyType = 1;
			remoteGlobalIDString = 56DC00ED2ABC1F320034555E;
			remoteInfo = "FormInput Example";
		};
/* End PBXContainerItemProxy section */

/* Begin PBXFileReference section */
		56DC00EE2ABC1F320034555E /* FormInput Example.app */ = {isa = PBXFileReference; explicitFileType = wrapper.application; includeInIndex = 0; path = "FormInput Example.app"; sourceTree = BUILT_PRODUCTS_DIR; };
		56DC00F12ABC1F320034555E /* AppDelegate.swift */ = {isa = PBXFileReference; lastKnownFileType = sourcecode.swift; path = AppDelegate.swift; sourceTree = "<group>"; };
		56DC00F32ABC1F320034555E /* SceneDelegate.swift */ = {isa = PBXFileReference; lastKnownFileType = sourcecode.swift; path = SceneDelegate.swift; sourceTree = "<group>"; };
		56DC00F52ABC1F320034555E /* ViewController.swift */ = {isa = PBXFileReference; lastKnownFileType = sourcecode.swift; path = ViewController.swift; sourceTree = "<group>"; };
		56DC00F82ABC1F320034555E /* Base */ = {isa = PBXFileReference; lastKnownFileType = file.storyboard; name = Base; path = Base.lproj/Main.storyboard; sourceTree = "<group>"; };
		56DC00FA2ABC1F330034555E /* Assets.xcassets */ = {isa = PBXFileReference; lastKnownFileType = folder.assetcatalog; path = Assets.xcassets; sourceTree = "<group>"; };
		56DC00FD2ABC1F330034555E /* Base */ = {isa = PBXFileReference; lastKnownFileType = file.storyboard; name = Base; path = Base.lproj/LaunchScreen.storyboard; sourceTree = "<group>"; };
		56DC00FF2ABC1F330034555E /* Info.plist */ = {isa = PBXFileReference; lastKnownFileType = text.plist.xml; path = Info.plist; sourceTree = "<group>"; };
		56DC01042ABC1F330034555E /* FormInput ExampleTests.xctest */ = {isa = PBXFileReference; explicitFileType = wrapper.cfbundle; includeInIndex = 0; path = "FormInput ExampleTests.xctest"; sourceTree = BUILT_PRODUCTS_DIR; };
		56DC01082ABC1F330034555E /* FormInput_ExampleTests.swift */ = {isa = PBXFileReference; lastKnownFileType = sourcecode.swift; path = FormInput_ExampleTests.swift; sourceTree = "<group>"; };
		56DC010E2ABC1F330034555E /* FormInput ExampleUITests.xctest */ = {isa = PBXFileReference; explicitFileType = wrapper.cfbundle; includeInIndex = 0; path = "FormInput ExampleUITests.xctest"; sourceTree = BUILT_PRODUCTS_DIR; };
		56DC01122ABC1F330034555E /* FormInput_ExampleUITests.swift */ = {isa = PBXFileReference; lastKnownFileType = sourcecode.swift; path = FormInput_ExampleUITests.swift; sourceTree = "<group>"; };
		56DC01142ABC1F330034555E /* FormInput_ExampleUITestsLaunchTests.swift */ = {isa = PBXFileReference; lastKnownFileType = sourcecode.swift; path = FormInput_ExampleUITestsLaunchTests.swift; sourceTree = "<group>"; };
		56DC01222ABC1F600034555E /* FormInput */ = {isa = PBXFileReference; lastKnownFileType = wrapper; name = FormInput; path = ..; sourceTree = "<group>"; };
/* End PBXFileReference section */

/* Begin PBXFrameworksBuildPhase section */
		56DC00EB2ABC1F320034555E /* Frameworks */ = {
			isa = PBXFrameworksBuildPhase;
			buildActionMask = 2147483647;
			files = (
				56DC01252ABC1FE90034555E /* FormInput in Frameworks */,
			);
			runOnlyForDeploymentPostprocessing = 0;
		};
		56DC01012ABC1F330034555E /* Frameworks */ = {
			isa = PBXFrameworksBuildPhase;
			buildActionMask = 2147483647;
			files = (
			);
			runOnlyForDeploymentPostprocessing = 0;
		};
		56DC010B2ABC1F330034555E /* Frameworks */ = {
			isa = PBXFrameworksBuildPhase;
			buildActionMask = 2147483647;
			files = (
			);
			runOnlyForDeploymentPostprocessing = 0;
		};
/* End PBXFrameworksBuildPhase section */

/* Begin PBXGroup section */
		56DC00E52ABC1F320034555E = {
			isa = PBXGroup;
			children = (
				56DC01212ABC1F600034555E /* Packages */,
				56DC00F02ABC1F320034555E /* FormInput Example */,
				56DC01072ABC1F330034555E /* FormInput ExampleTests */,
				56DC01112ABC1F330034555E /* FormInput ExampleUITests */,
				56DC00EF2ABC1F320034555E /* Products */,
				56DC01232ABC1FE90034555E /* Frameworks */,
			);
			sourceTree = "<group>";
		};
		56DC00EF2ABC1F320034555E /* Products */ = {
			isa = PBXGroup;
			children = (
				56DC00EE2ABC1F320034555E /* FormInput Example.app */,
				56DC01042ABC1F330034555E /* FormInput ExampleTests.xctest */,
				56DC010E2ABC1F330034555E /* FormInput ExampleUITests.xctest */,
			);
			name = Products;
			sourceTree = "<group>";
		};
		56DC00F02ABC1F320034555E /* FormInput Example */ = {
			isa = PBXGroup;
			children = (
				56DC00F12ABC1F320034555E /* AppDelegate.swift */,
				56DC00F32ABC1F320034555E /* SceneDelegate.swift */,
				56DC00F52ABC1F320034555E /* ViewController.swift */,
				56DC00F72ABC1F320034555E /* Main.storyboard */,
				56DC00FA2ABC1F330034555E /* Assets.xcassets */,
				56DC00FC2ABC1F330034555E /* LaunchScreen.storyboard */,
				56DC00FF2ABC1F330034555E /* Info.plist */,
			);
			path = "FormInput Example";
			sourceTree = "<group>";
		};
		56DC01072ABC1F330034555E /* FormInput ExampleTests */ = {
			isa = PBXGroup;
			children = (
				56DC01082ABC1F330034555E /* FormInput_ExampleTests.swift */,
			);
			path = "FormInput ExampleTests";
			sourceTree = "<group>";
		};
		56DC01112ABC1F330034555E /* FormInput ExampleUITests */ = {
			isa = PBXGroup;
			children = (
				56DC01122ABC1F330034555E /* FormInput_ExampleUITests.swift */,
				56DC01142ABC1F330034555E /* FormInput_ExampleUITestsLaunchTests.swift */,
			);
			path = "FormInput ExampleUITests";
			sourceTree = "<group>";
		};
		56DC01212ABC1F600034555E /* Packages */ = {
			isa = PBXGroup;
			children = (
				56DC01222ABC1F600034555E /* FormInput */,
			);
			name = Packages;
			sourceTree = "<group>";
		};
		56DC01232ABC1FE90034555E /* Frameworks */ = {
			isa = PBXGroup;
			children = (
			);
			name = Frameworks;
			sourceTree = "<group>";
		};
/* End PBXGroup section */

/* Begin PBXNativeTarget section */
		56DC00ED2ABC1F320034555E /* FormInput Example */ = {
			isa = PBXNativeTarget;
			buildConfigurationList = 56DC01182ABC1F330034555E /* Build configuration list for PBXNativeTarget "FormInput Example" */;
			buildPhases = (
				56DC00EA2ABC1F320034555E /* Sources */,
				56DC00EB2ABC1F320034555E /* Frameworks */,
				56DC00EC2ABC1F320034555E /* Resources */,
			);
			buildRules = (
			);
			dependencies = (
			);
			name = "FormInput Example";
			packageProductDependencies = (
				56DC01242ABC1FE90034555E /* FormInput */,
			);
			productName = "FormInput Example";
			productReference = 56DC00EE2ABC1F320034555E /* FormInput Example.app */;
			productType = "com.apple.product-type.application";
		};
		56DC01032ABC1F330034555E /* FormInput ExampleTests */ = {
			isa = PBXNativeTarget;
			buildConfigurationList = 56DC011B2ABC1F330034555E /* Build configuration list for PBXNativeTarget "FormInput ExampleTests" */;
			buildPhases = (
				56DC01002ABC1F330034555E /* Sources */,
				56DC01012ABC1F330034555E /* Frameworks */,
				56DC01022ABC1F330034555E /* Resources */,
			);
			buildRules = (
			);
			dependencies = (
				56DC01062ABC1F330034555E /* PBXTargetDependency */,
			);
			name = "FormInput ExampleTests";
			productName = "FormInput ExampleTests";
			productReference = 56DC01042ABC1F330034555E /* FormInput ExampleTests.xctest */;
			productType = "com.apple.product-type.bundle.unit-test";
		};
		56DC010D2ABC1F330034555E /* FormInput ExampleUITests */ = {
			isa = PBXNativeTarget;
			buildConfigurationList = 56DC011E2ABC1F330034555E /* Build configuration list for PBXNativeTarget "FormInput ExampleUITests" */;
			buildPhases = (
				56DC010A2ABC1F330034555E /* Sources */,
				56DC010B2ABC1F330034555E /* Frameworks */,
				56DC010C2ABC1F330034555E /* Resources */,
			);
			buildRules = (
			);
			dependencies = (
				56DC01102ABC1F330034555E /* PBXTargetDependency */,
			);
			name = "FormInput ExampleUITests";
			productName = "FormInput ExampleUITests";
			productReference = 56DC010E2ABC1F330034555E /* FormInput ExampleUITests.xctest */;
			productType = "com.apple.product-type.bundle.ui-testing";
		};
/* End PBXNativeTarget section */

/* Begin PBXProject section */
		56DC00E62ABC1F320034555E /* Project object */ = {
			isa = PBXProject;
			attributes = {
				BuildIndependentTargetsInParallel = 1;
				LastSwiftUpdateCheck = 1430;
				LastUpgradeCheck = 1430;
				TargetAttributes = {
					56DC00ED2ABC1F320034555E = {
						CreatedOnToolsVersion = 14.3.1;
					};
					56DC01032ABC1F330034555E = {
						CreatedOnToolsVersion = 14.3.1;
						TestTargetID = 56DC00ED2ABC1F320034555E;
					};
					56DC010D2ABC1F330034555E = {
						CreatedOnToolsVersion = 14.3.1;
						TestTargetID = 56DC00ED2ABC1F320034555E;
					};
				};
			};
			buildConfigurationList = 56DC00E92ABC1F320034555E /* Build configuration list for PBXProject "FormInput Example" */;
			compatibilityVersion = "Xcode 14.0";
			developmentRegion = en;
			hasScannedForEncodings = 0;
			knownRegions = (
				en,
				Base,
			);
			mainGroup = 56DC00E52ABC1F320034555E;
			productRefGroup = 56DC00EF2ABC1F320034555E /* Products */;
			projectDirPath = "";
			projectRoot = "";
			targets = (
				56DC00ED2ABC1F320034555E /* FormInput Example */,
				56DC01032ABC1F330034555E /* FormInput ExampleTests */,
				56DC010D2ABC1F330034555E /* FormInput ExampleUITests */,
			);
		};
/* End PBXProject section */

/* Begin PBXResourcesBuildPhase section */
		56DC00EC2ABC1F320034555E /* Resources */ = {
			isa = PBXResourcesBuildPhase;
			buildActionMask = 2147483647;
			files = (
				56DC00FE2ABC1F330034555E /* LaunchScreen.storyboard in Resources */,
				56DC00FB2ABC1F330034555E /* Assets.xcassets in Resources */,
				56DC00F92ABC1F320034555E /* Main.storyboard in Resources */,
			);
			runOnlyForDeploymentPostprocessing = 0;
		};
		56DC01022ABC1F330034555E /* Resources */ = {
			isa = PBXResourcesBuildPhase;
			buildActionMask = 2147483647;
			files = (
			);
			runOnlyForDeploymentPostprocessing = 0;
		};
		56DC010C2ABC1F330034555E /* Resources */ = {
			isa = PBXResourcesBuildPhase;
			buildActionMask = 2147483647;
			files = (
			);
			runOnlyForDeploymentPostprocessing = 0;
		};
/* End PBXResourcesBuildPhase section */

/* Begin PBXSourcesBuildPhase section */
		56DC00EA2ABC1F320034555E /* Sources */ = {
			isa = PBXSourcesBuildPhase;
			buildActionMask = 2147483647;
			files = (
				56DC00F62ABC1F320034555E /* ViewController.swift in Sources */,
				56DC00F22ABC1F320034555E /* AppDelegate.swift in Sources */,
				56DC00F42ABC1F320034555E /* SceneDelegate.swift in Sources */,
			);
			runOnlyForDeploymentPostprocessing = 0;
		};
		56DC01002ABC1F330034555E /* Sources */ = {
			isa = PBXSourcesBuildPhase;
			buildActionMask = 2147483647;
			files = (
				56DC01092ABC1F330034555E /* FormInput_ExampleTests.swift in Sources */,
			);
			runOnlyForDeploymentPostprocessing = 0;
		};
		56DC010A2ABC1F330034555E /* Sources */ = {
			isa = PBXSourcesBuildPhase;
			buildActionMask = 2147483647;
			files = (
				56DC01152ABC1F330034555E /* FormInput_ExampleUITestsLaunchTests.swift in Sources */,
				56DC01132ABC1F330034555E /* FormInput_ExampleUITests.swift in Sources */,
			);
			runOnlyForDeploymentPostprocessing = 0;
		};
/* End PBXSourcesBuildPhase section */

/* Begin PBXTargetDependency section */
		56DC01062ABC1F330034555E /* PBXTargetDependency */ = {
			isa = PBXTargetDependency;
			target = 56DC00ED2ABC1F320034555E /* FormInput Example */;
			targetProxy = 56DC01052ABC1F330034555E /* PBXContainerItemProxy */;
		};
		56DC01102ABC1F330034555E /* PBXTargetDependency */ = {
			isa = PBXTargetDependency;
			target = 56DC00ED2ABC1F320034555E /* FormInput Example */;
			targetProxy = 56DC010F2ABC1F330034555E /* PBXContainerItemProxy */;
		};
/* End PBXTargetDependency section */

/* Begin PBXVariantGroup section */
		56DC00F72ABC1F320034555E /* Main.storyboard */ = {
			isa = PBXVariantGroup;
			children = (
				56DC00F82ABC1F320034555E /* Base */,
			);
			name = Main.storyboard;
			sourceTree = "<group>";
		};
		56DC00FC2ABC1F330034555E /* LaunchScreen.storyboard */ = {
			isa = PBXVariantGroup;
			children = (
				56DC00FD2ABC1F330034555E /* Base */,
			);
			name = LaunchScreen.storyboard;
			sourceTree = "<group>";
		};
/* End PBXVariantGroup section */

/* Begin XCBuildConfiguration section */
		56DC01162ABC1F330034555E /* Debug */ = {
			isa = XCBuildConfiguration;
			buildSettings = {
				ALWAYS_SEARCH_USER_PATHS = NO;
				CLANG_ANALYZER_NONNULL = YES;
				CLANG_ANALYZER_NUMBER_OBJECT_CONVERSION = YES_AGGRESSIVE;
				CLANG_CXX_LANGUAGE_STANDARD = "gnu++20";
				CLANG_ENABLE_MODULES = YES;
				CLANG_ENABLE_OBJC_ARC = YES;
				CLANG_ENABLE_OBJC_WEAK = YES;
				CLANG_WARN_BLOCK_CAPTURE_AUTORELEASING = YES;
				CLANG_WARN_BOOL_CONVERSION = YES;
				CLANG_WARN_COMMA = YES;
				CLANG_WARN_CONSTANT_CONVERSION = YES;
				CLANG_WARN_DEPRECATED_OBJC_IMPLEMENTATIONS = YES;
				CLANG_WARN_DIRECT_OBJC_ISA_USAGE = YES_ERROR;
				CLANG_WARN_DOCUMENTATION_COMMENTS = YES;
				CLANG_WARN_EMPTY_BODY = YES;
				CLANG_WARN_ENUM_CONVERSION = YES;
				CLANG_WARN_INFINITE_RECURSION = YES;
				CLANG_WARN_INT_CONVERSION = YES;
				CLANG_WARN_NON_LITERAL_NULL_CONVERSION = YES;
				CLANG_WARN_OBJC_IMPLICIT_RETAIN_SELF = YES;
				CLANG_WARN_OBJC_LITERAL_CONVERSION = YES;
				CLANG_WARN_OBJC_ROOT_CLASS = YES_ERROR;
				CLANG_WARN_QUOTED_INCLUDE_IN_FRAMEWORK_HEADER = YES;
				CLANG_WARN_RANGE_LOOP_ANALYSIS = YES;
				CLANG_WARN_STRICT_PROTOTYPES = YES;
				CLANG_WARN_SUSPICIOUS_MOVE = YES;
				CLANG_WARN_UNGUARDED_AVAILABILITY = YES_AGGRESSIVE;
				CLANG_WARN_UNREACHABLE_CODE = YES;
				CLANG_WARN__DUPLICATE_METHOD_MATCH = YES;
				COPY_PHASE_STRIP = NO;
				DEBUG_INFORMATION_FORMAT = dwarf;
				ENABLE_STRICT_OBJC_MSGSEND = YES;
				ENABLE_TESTABILITY = YES;
				GCC_C_LANGUAGE_STANDARD = gnu11;
				GCC_DYNAMIC_NO_PIC = NO;
				GCC_NO_COMMON_BLOCKS = YES;
				GCC_OPTIMIZATION_LEVEL = 0;
				GCC_PREPROCESSOR_DEFINITIONS = (
					"DEBUG=1",
					"$(inherited)",
				);
				GCC_WARN_64_TO_32_BIT_CONVERSION = YES;
				GCC_WARN_ABOUT_RETURN_TYPE = YES_ERROR;
				GCC_WARN_UNDECLARED_SELECTOR = YES;
				GCC_WARN_UNINITIALIZED_AUTOS = YES_AGGRESSIVE;
				GCC_WARN_UNUSED_FUNCTION = YES;
				GCC_WARN_UNUSED_VARIABLE = YES;
				IPHONEOS_DEPLOYMENT_TARGET = 16.4;
				MTL_ENABLE_DEBUG_INFO = INCLUDE_SOURCE;
				MTL_FAST_MATH = YES;
				ONLY_ACTIVE_ARCH = YES;
				SDKROOT = iphoneos;
				SWIFT_ACTIVE_COMPILATION_CONDITIONS = DEBUG;
				SWIFT_OPTIMIZATION_LEVEL = "-Onone";
			};
			name = Debug;
		};
		56DC01172ABC1F330034555E /* Release */ = {
			isa = XCBuildConfiguration;
			buildSettings = {
				ALWAYS_SEARCH_USER_PATHS = NO;
				CLANG_ANALYZER_NONNULL = YES;
				CLANG_ANALYZER_NUMBER_OBJECT_CONVERSION = YES_AGGRESSIVE;
				CLANG_CXX_LANGUAGE_STANDARD = "gnu++20";
				CLANG_ENABLE_MODULES = YES;
				CLANG_ENABLE_OBJC_ARC = YES;
				CLANG_ENABLE_OBJC_WEAK = YES;
				CLANG_WARN_BLOCK_CAPTURE_AUTORELEASING = YES;
				CLANG_WARN_BOOL_CONVERSION = YES;
				CLANG_WARN_COMMA = YES;
				CLANG_WARN_CONSTANT_CONVERSION = YES;
				CLANG_WARN_DEPRECATED_OBJC_IMPLEMENTATIONS = YES;
				CLANG_WARN_DIRECT_OBJC_ISA_USAGE = YES_ERROR;
				CLANG_WARN_DOCUMENTATION_COMMENTS = YES;
				CLANG_WARN_EMPTY_BODY = YES;
				CLANG_WARN_ENUM_CONVERSION = YES;
				CLANG_WARN_INFINITE_RECURSION = YES;
				CLANG_WARN_INT_CONVERSION = YES;
				CLANG_WARN_NON_LITERAL_NULL_CONVERSION = YES;
				CLANG_WARN_OBJC_IMPLICIT_RETAIN_SELF = YES;
				CLANG_WARN_OBJC_LITERAL_CONVERSION = YES;
				CLANG_WARN_OBJC_ROOT_CLASS = YES_ERROR;
				CLANG_WARN_QUOTED_INCLUDE_IN_FRAMEWORK_HEADER = YES;
				CLANG_WARN_RANGE_LOOP_ANALYSIS = YES;
				CLANG_WARN_STRICT_PROTOTYPES = YES;
				CLANG_WARN_SUSPICIOUS_MOVE = YES;
				CLANG_WARN_UNGUARDED_AVAILABILITY = YES_AGGRESSIVE;
				CLANG_WARN_UNREACHABLE_CODE = YES;
				CLANG_WARN__DUPLICATE_METHOD_MATCH = YES;
				COPY_PHASE_STRIP = NO;
				DEBUG_INFORMATION_FORMAT = "dwarf-with-dsym";
				ENABLE_NS_ASSERTIONS = NO;
				ENABLE_STRICT_OBJC_MSGSEND = YES;
				GCC_C_LANGUAGE_STANDARD = gnu11;
				GCC_NO_COMMON_BLOCKS = YES;
				GCC_WARN_64_TO_32_BIT_CONVERSION = YES;
				GCC_WARN_ABOUT_RETURN_TYPE = YES_ERROR;
				GCC_WARN_UNDECLARED_SELECTOR = YES;
				GCC_WARN_UNINITIALIZED_AUTOS = YES_AGGRESSIVE;
				GCC_WARN_UNUSED_FUNCTION = YES;
				GCC_WARN_UNUSED_VARIABLE = YES;
				IPHONEOS_DEPLOYMENT_TARGET = 16.4;
				MTL_ENABLE_DEBUG_INFO = NO;
				MTL_FAST_MATH = YES;
				SDKROOT = iphoneos;
				SWIFT_COMPILATION_MODE = wholemodule;
				SWIFT_OPTIMIZATION_LEVEL = "-O";
				VALIDATE_PRODUCT = YES;
			};
			name = Release;
		};
		56DC01192ABC1F330034555E /* Debug */ = {
			isa = XCBuildConfiguration;
			buildSettings = {
				ASSETCATALOG_COMPILER_APPICON_NAME = AppIcon;
				ASSETCATALOG_COMPILER_GLOBAL_ACCENT_COLOR_NAME = AccentColor;
				CODE_SIGN_STYLE = Automatic;
				CURRENT_PROJECT_VERSION = 1;
				DEVELOPMENT_TEAM = 35HDVC8A67;
				GENERATE_INFOPLIST_FILE = YES;
				INFOPLIST_FILE = "FormInput Example/Info.plist";
				INFOPLIST_KEY_UIApplicationSupportsIndirectInputEvents = YES;
				INFOPLIST_KEY_UILaunchStoryboardName = LaunchScreen;
				INFOPLIST_KEY_UIMainStoryboardFile = Main;
				INFOPLIST_KEY_UISupportedInterfaceOrientations_iPad = "UIInterfaceOrientationPortrait UIInterfaceOrientationPortraitUpsideDown UIInterfaceOrientationLandscapeLeft UIInterfaceOrientationLandscapeRight";
				INFOPLIST_KEY_UISupportedInterfaceOrientations_iPhone = "UIInterfaceOrientationPortrait UIInterfaceOrientationLandscapeLeft UIInterfaceOrientationLandscapeRight";
				LD_RUNPATH_SEARCH_PATHS = (
					"$(inherited)",
					"@executable_path/Frameworks",
				);
				MARKETING_VERSION = 1.0;
				PRODUCT_BUNDLE_IDENTIFIER = "com.ace1ofspades.FormInput-Example";
				PRODUCT_NAME = "$(TARGET_NAME)";
				SWIFT_EMIT_LOC_STRINGS = YES;
				SWIFT_VERSION = 5.0;
				TARGETED_DEVICE_FAMILY = "1,2";
			};
			name = Debug;
		};
		56DC011A2ABC1F330034555E /* Release */ = {
			isa = XCBuildConfiguration;
			buildSettings = {
				ASSETCATALOG_COMPILER_APPICON_NAME = AppIcon;
				ASSETCATALOG_COMPILER_GLOBAL_ACCENT_COLOR_NAME = AccentColor;
				CODE_SIGN_STYLE = Automatic;
				CURRENT_PROJECT_VERSION = 1;
				DEVELOPMENT_TEAM = 35HDVC8A67;
				GENERATE_INFOPLIST_FILE = YES;
				INFOPLIST_FILE = "FormInput Example/Info.plist";
				INFOPLIST_KEY_UIApplicationSupportsIndirectInputEvents = YES;
				INFOPLIST_KEY_UILaunchStoryboardName = LaunchScreen;
				INFOPLIST_KEY_UIMainStoryboardFile = Main;
				INFOPLIST_KEY_UISupportedInterfaceOrientations_iPad = "UIInterfaceOrientationPortrait UIInterfaceOrientationPortraitUpsideDown UIInterfaceOrientationLandscapeLeft UIInterfaceOrientationLandscapeRight";
				INFOPLIST_KEY_UISupportedInterfaceOrientations_iPhone = "UIInterfaceOrientationPortrait UIInterfaceOrientationLandscapeLeft UIInterfaceOrientationLandscapeRight";
				LD_RUNPATH_SEARCH_PATHS = (
					"$(inherited)",
					"@executable_path/Frameworks",
				);
				MARKETING_VERSION = 1.0;
				PRODUCT_BUNDLE_IDENTIFIER = "com.ace1ofspades.FormInput-Example";
				PRODUCT_NAME = "$(TARGET_NAME)";
				SWIFT_EMIT_LOC_STRINGS = YES;
				SWIFT_VERSION = 5.0;
				TARGETED_DEVICE_FAMILY = "1,2";
			};
			name = Release;
		};
		56DC011C2ABC1F330034555E /* Debug */ = {
			isa = XCBuildConfiguration;
			buildSettings = {
				ALWAYS_EMBED_SWIFT_STANDARD_LIBRARIES = YES;
				BUNDLE_LOADER = "$(TEST_HOST)";
				CODE_SIGN_STYLE = Automatic;
				CURRENT_PROJECT_VERSION = 1;
				DEVELOPMENT_TEAM = 35HDVC8A67;
				GENERATE_INFOPLIST_FILE = YES;
				IPHONEOS_DEPLOYMENT_TARGET = 16.4;
				MARKETING_VERSION = 1.0;
				PRODUCT_BUNDLE_IDENTIFIER = "com.ace1ofspades.FormInput-ExampleTests";
				PRODUCT_NAME = "$(TARGET_NAME)";
				SWIFT_EMIT_LOC_STRINGS = NO;
				SWIFT_VERSION = 5.0;
				TARGETED_DEVICE_FAMILY = "1,2";
				TEST_HOST = "$(BUILT_PRODUCTS_DIR)/FormInput Example.app/$(BUNDLE_EXECUTABLE_FOLDER_PATH)/FormInput Example";
			};
			name = Debug;
		};
		56DC011D2ABC1F330034555E /* Release */ = {
			isa = XCBuildConfiguration;
			buildSettings = {
				ALWAYS_EMBED_SWIFT_STANDARD_LIBRARIES = YES;
				BUNDLE_LOADER = "$(TEST_HOST)";
				CODE_SIGN_STYLE = Automatic;
				CURRENT_PROJECT_VERSION = 1;
				DEVELOPMENT_TEAM = 35HDVC8A67;
				GENERATE_INFOPLIST_FILE = YES;
				IPHONEOS_DEPLOYMENT_TARGET = 16.4;
				MARKETING_VERSION = 1.0;
				PRODUCT_BUNDLE_IDENTIFIER = "com.ace1ofspades.FormInput-ExampleTests";
				PRODUCT_NAME = "$(TARGET_NAME)";
				SWIFT_EMIT_LOC_STRINGS = NO;
				SWIFT_VERSION = 5.0;
				TARGETED_DEVICE_FAMILY = "1,2";
				TEST_HOST = "$(BUILT_PRODUCTS_DIR)/FormInput Example.app/$(BUNDLE_EXECUTABLE_FOLDER_PATH)/FormInput Example";
			};
			name = Release;
		};
		56DC011F2ABC1F330034555E /* Debug */ = {
			isa = XCBuildConfiguration;
			buildSettings = {
				ALWAYS_EMBED_SWIFT_STANDARD_LIBRARIES = YES;
				CODE_SIGN_STYLE = Automatic;
				CURRENT_PROJECT_VERSION = 1;
				DEVELOPMENT_TEAM = 35HDVC8A67;
				GENERATE_INFOPLIST_FILE = YES;
				MARKETING_VERSION = 1.0;
				PRODUCT_BUNDLE_IDENTIFIER = "com.ace1ofspades.FormInput-ExampleUITests";
				PRODUCT_NAME = "$(TARGET_NAME)";
				SWIFT_EMIT_LOC_STRINGS = NO;
				SWIFT_VERSION = 5.0;
				TARGETED_DEVICE_FAMILY = "1,2";
				TEST_TARGET_NAME = "FormInput Example";
			};
			name = Debug;
		};
		56DC01202ABC1F330034555E /* Release */ = {
			isa = XCBuildConfiguration;
			buildSettings = {
				ALWAYS_EMBED_SWIFT_STANDARD_LIBRARIES = YES;
				CODE_SIGN_STYLE = Automatic;
				CURRENT_PROJECT_VERSION = 1;
				DEVELOPMENT_TEAM = 35HDVC8A67;
				GENERATE_INFOPLIST_FILE = YES;
				MARKETING_VERSION = 1.0;
				PRODUCT_BUNDLE_IDENTIFIER = "com.ace1ofspades.FormInput-ExampleUITests";
				PRODUCT_NAME = "$(TARGET_NAME)";
				SWIFT_EMIT_LOC_STRINGS = NO;
				SWIFT_VERSION = 5.0;
				TARGETED_DEVICE_FAMILY = "1,2";
				TEST_TARGET_NAME = "FormInput Example";
			};
			name = Release;
		};
/* End XCBuildConfiguration section */

/* Begin XCConfigurationList section */
		56DC00E92ABC1F320034555E /* Build configuration list for PBXProject "FormInput Example" */ = {
			isa = XCConfigurationList;
			buildConfigurations = (
				56DC01162ABC1F330034555E /* Debug */,
				56DC01172ABC1F330034555E /* Release */,
			);
			defaultConfigurationIsVisible = 0;
			defaultConfigurationName = Release;
		};
		56DC01182ABC1F330034555E /* Build configuration list for PBXNativeTarget "FormInput Example" */ = {
			isa = XCConfigurationList;
			buildConfigurations = (
				56DC01192ABC1F330034555E /* Debug */,
				56DC011A2ABC1F330034555E /* Release */,
			);
			defaultConfigurationIsVisible = 0;
			defaultConfigurationName = Release;
		};
		56DC011B2ABC1F330034555E /* Build configuration list for PBXNativeTarget "FormInput ExampleTests" */ = {
			isa = XCConfigurationList;
			buildConfigurations = (
				56DC011C2ABC1F330034555E /* Debug */,
				56DC011D2ABC1F330034555E /* Release */,
			);
			defaultConfigurationIsVisible = 0;
			defaultConfigurationName = Release;
		};
		56DC011E2ABC1F330034555E /* Build configuration list for PBXNativeTarget "FormInput ExampleUITests" */ = {
			isa = XCConfigurationList;
			buildConfigurations = (
				56DC011F2ABC1F330034555E /* Debug */,
				56DC01202ABC1F330034555E /* Release */,
			);
			defaultConfigurationIsVisible = 0;
			defaultConfigurationName = Release;
		};
/* End XCConfigurationList section */

/* Begin XCSwiftPackageProductDependency section */
		56DC01242ABC1FE90034555E /* FormInput */ = {
			isa = XCSwiftPackageProductDependency;
			productName = FormInput;
		};
/* End XCSwiftPackageProductDependency section */
	};
	rootObject = 56DC00E62ABC1F320034555E /* Project object */;
}
